github.com/dancoe77/008-puppy v1.2.0 h1:idhKQEy22d2OG5PIJmYgMb3oLeJWl66YMsAtSqpWl0U=
github.com/dancoe77/008-puppy v1.2.0/go.mod h1:jXbhKWsPI5xXVVtJKlGrMIWTcjD3GzqmtpiqswPU14A=
github.com/dancoe77/009-dog v1.0.0 h1:XrJcBtVQlb7r7yG3sYN8FVF4fgQPGhwLUev/s2LztRQ=
github.com/dancoe77/009-dog v1.0.0/go.mod h1:lQJqhCNnBtMubJsOsh2TLCkGLaf7J/1XCCMOw5n0Zdg=
